
Microsoft Visual Studio Solution File, Format Version 10.00
# Visual Studio 2008
Project("{8BC9CEB8-8B4A-11D0-8D11-00A0C91BC942}") = "TestPango", "TestPango\TestPango.vcproj", "{E27890B3-9EC1-4CBC-A508-2CE228861975}"
EndProject
Global
	GlobalSection(SolutionConfigurationPlatforms) = preSolution
		Debug|Win32 = Debug|Win32
		Release|Win32 = Release|Win32
	EndGlobalSection
	GlobalSection(ProjectConfigurationPlatforms) = postSolution
		{E27890B3-9EC1-4CBC-A508-2CE228861975}.Debug|Win32.ActiveCfg = Debug|Win32
		{E27890B3-9EC1-4CBC-A508-2CE228861975}.Debug|Win32.Build.0 = Debug|Win32
		{E27890B3-9EC1-4CBC-A508-2CE228861975}.Release|Win32.ActiveCfg = Release|Win32
		{E27890B3-9EC1-4CBC-A508-2CE228861975}.Release|Win32.Build.0 = Release|Win32
	EndGlobalSection
	GlobalSection(SolutionProperties) = preSolution
		HideSolutionNode = FALSE
	EndGlobalSection
EndGlobal
